{
  "name": "stockdb",
  "version": "0.2.2",
  "lockfileVersion": 1,
  "requires": true,
  "dependencies": {
    "async-limiter": {
      "version": "1.0.0",
      "resolved": "http://npm.yin126.com/async-limiter/-/async-limiter-1.0.0.tgz",
      "integrity": "sha1-ePrtjD0HSrgfIrTphdeehzj3IPg=",
      "optional": true
    },
    "btoa": {
      "version": "1.1.2",
      "resolved": "http://npm.yin126.com/btoa/-/btoa-1.1.2.tgz",
      "integrity": "sha1-PkC4FmP4HS3WWWpMtxSo3BbPq+A="
    },
    "hprose": {
      "version": "2.0.46",
      "resolved": "http://npm.yin126.com/hprose/-/hprose-2.0.46.tgz",
      "integrity": "sha1-VqUdP3csjnFUadmqS3m7TVYDit4=",
      "requires": {
        "ws": "4.1.0"
      }
    },
    "safe-buffer": {
      "version": "5.1.1",
      "resolved": "http://npm.yin126.com/safe-buffer/-/safe-buffer-5.1.1.tgz",
      "integrity": "sha1-iTMSr2myEj3vcfV4iQAWce6yyFM=",
      "optional": true
    },
    "ws": {
      "version": "4.1.0",
      "resolved": "http://npm.yin126.com/ws/-/ws-4.1.0.tgz",
      "integrity": "sha1-qXm119TaaL9U7+BAiWfDJIaacok=",
      "optional": true,
      "requires": {
        "async-limiter": "1.0.0",
        "safe-buffer": "5.1.1"
      }
    }
  }
}
